
Microsoft Visual Studio Solution File, Format Version 12.00
# Visual Studio 2012
Project("{FAE04EC0-301F-11D3-BF4B-00C04F79EFBC}") = "RestaurantAPI", "RestaurantAPI\RestaurantAPI.csproj", "{15E8B53D-F414-4540-8CF8-501DD49D72E2}"
EndProject
Global
	GlobalSection(SolutionConfigurationPlatforms) = preSolution
		Debug|Any CPU = Debug|Any CPU
		Release|Any CPU = Release|Any CPU
	EndGlobalSection
	GlobalSection(ProjectConfigurationPlatforms) = postSolution
		{15E8B53D-F414-4540-8CF8-501DD49D72E2}.Debug|Any CPU.ActiveCfg = Debug|Any CPU
		{15E8B53D-F414-4540-8CF8-501DD49D72E2}.Debug|Any CPU.Build.0 = Debug|Any CPU
		{15E8B53D-F414-4540-8CF8-501DD49D72E2}.Release|Any CPU.ActiveCfg = Release|Any CPU
		{15E8B53D-F414-4540-8CF8-501DD49D72E2}.Release|Any CPU.Build.0 = Release|Any CPU
	EndGlobalSection
EndGlobal
